
Microsoft Visual Studio Solution File, Format Version 12.00
Project("{2150E333-8FDC-42A3-9474-1A3956D46DE8}") = "samples", "samples", "{84E2DF44-2377-4C30-91BF-1DA4B227F097}"
	ProjectSection(SolutionItems) = preProject
		samples\Directory.Build.props = samples\Directory.Build.props
	EndProjectSection
EndProject
Project("{FAE04EC0-301F-11D3-BF4B-00C04F79EFBC}") = "OutboxFlow.Sample", "samples\OutboxFlow.Sample\OutboxFlow.Sample.csproj", "{D6278697-0F74-4B9F-8F9E-F80C2727C144}"
EndProject
Project("{2150E333-8FDC-42A3-9474-1A3956D46DE8}") = "src", "src", "{2A397813-E8F1-4AC2-B557-2C98E4EE1057}"
	ProjectSection(SolutionItems) = preProject
		src\Directory.Build.props = src\Directory.Build.props
		src\Directory.Packages.props = src\Directory.Packages.props
	EndProjectSection
EndProject
Project("{FAE04EC0-301F-11D3-BF4B-00C04F79EFBC}") = "OutboxFlow", "src\OutboxFlow\OutboxFlow.csproj", "{DBF327DD-B4F4-4D29-B504-3E6426B92ADD}"
EndProject
Project("{FAE04EC0-301F-11D3-BF4B-00C04F79EFBC}") = "OutboxFlow.Postgres", "src\OutboxFlow.Postgres\OutboxFlow.Postgres.csproj", "{DE14560A-CBF0-4A7D-8606-98DE1A06171F}"
EndProject
Global
	GlobalSection(SolutionConfigurationPlatforms) = preSolution
		Debug|Any CPU = Debug|Any CPU
		Release|Any CPU = Release|Any CPU
	EndGlobalSection
	GlobalSection(ProjectConfigurationPlatforms) = postSolution
		{D6278697-0F74-4B9F-8F9E-F80C2727C144}.Debug|Any CPU.ActiveCfg = Debug|Any CPU
		{D6278697-0F74-4B9F-8F9E-F80C2727C144}.Debug|Any CPU.Build.0 = Debug|Any CPU
		{D6278697-0F74-4B9F-8F9E-F80C2727C144}.Release|Any CPU.ActiveCfg = Release|Any CPU
		{D6278697-0F74-4B9F-8F9E-F80C2727C144}.Release|Any CPU.Build.0 = Release|Any CPU
		{DBF327DD-B4F4-4D29-B504-3E6426B92ADD}.Debug|Any CPU.ActiveCfg = Debug|Any CPU
		{DBF327DD-B4F4-4D29-B504-3E6426B92ADD}.Debug|Any CPU.Build.0 = Debug|Any CPU
		{DBF327DD-B4F4-4D29-B504-3E6426B92ADD}.Release|Any CPU.ActiveCfg = Release|Any CPU
		{DBF327DD-B4F4-4D29-B504-3E6426B92ADD}.Release|Any CPU.Build.0 = Release|Any CPU
		{DE14560A-CBF0-4A7D-8606-98DE1A06171F}.Debug|Any CPU.ActiveCfg = Debug|Any CPU
		{DE14560A-CBF0-4A7D-8606-98DE1A06171F}.Debug|Any CPU.Build.0 = Debug|Any CPU
		{DE14560A-CBF0-4A7D-8606-98DE1A06171F}.Release|Any CPU.ActiveCfg = Release|Any CPU
		{DE14560A-CBF0-4A7D-8606-98DE1A06171F}.Release|Any CPU.Build.0 = Release|Any CPU
	EndGlobalSection
	GlobalSection(NestedProjects) = preSolution
		{D6278697-0F74-4B9F-8F9E-F80C2727C144} = {84E2DF44-2377-4C30-91BF-1DA4B227F097}
		{DBF327DD-B4F4-4D29-B504-3E6426B92ADD} = {2A397813-E8F1-4AC2-B557-2C98E4EE1057}
		{DE14560A-CBF0-4A7D-8606-98DE1A06171F} = {2A397813-E8F1-4AC2-B557-2C98E4EE1057}
	EndGlobalSection
EndGlobal
